
Microsoft Visual Studio Solution File, Format Version 12.00
# Visual Studio 2012
Project("{FAE04EC0-301F-11D3-BF4B-00C04F79EFBC}") = "uWatch.iOS", "uWatch.iOS.csproj", "{8F3009EE-39FC-4FAF-92C3-F3B6F5A17DB7}"
EndProject
Global
	GlobalSection(SolutionConfigurationPlatforms) = preSolution
		Debug|iPhoneSimulator = Debug|iPhoneSimulator
		Release|iPhone = Release|iPhone
		Release|iPhoneSimulator = Release|iPhoneSimulator
		Debug|iPhone = Debug|iPhone
	EndGlobalSection
	GlobalSection(ProjectConfigurationPlatforms) = postSolution
		{8F3009EE-39FC-4FAF-92C3-F3B6F5A17DB7}.Debug|iPhoneSimulator.ActiveCfg = Debug|iPhoneSimulator
		{8F3009EE-39FC-4FAF-92C3-F3B6F5A17DB7}.Debug|iPhoneSimulator.Build.0 = Debug|iPhoneSimulator
		{8F3009EE-39FC-4FAF-92C3-F3B6F5A17DB7}.Release|iPhone.ActiveCfg = Release|iPhone
		{8F3009EE-39FC-4FAF-92C3-F3B6F5A17DB7}.Release|iPhone.Build.0 = Release|iPhone
		{8F3009EE-39FC-4FAF-92C3-F3B6F5A17DB7}.Release|iPhoneSimulator.ActiveCfg = Release|iPhoneSimulator
		{8F3009EE-39FC-4FAF-92C3-F3B6F5A17DB7}.Release|iPhoneSimulator.Build.0 = Release|iPhoneSimulator
		{8F3009EE-39FC-4FAF-92C3-F3B6F5A17DB7}.Debug|iPhone.ActiveCfg = Debug|iPhone
		{8F3009EE-39FC-4FAF-92C3-F3B6F5A17DB7}.Debug|iPhone.Build.0 = Debug|iPhone
	EndGlobalSection
EndGlobal
